
Microsoft Visual Studio Solution File, Format Version 12.00
# Visual Studio Version 17
VisualStudioVersion = 17.4.33213.308
MinimumVisualStudioVersion = 10.0.40219.1
Project("{9A19103F-16F7-4668-BE54-9A1E7A4F7556}") = "Xmatrix", "Xmatrix\Xmatrix.csproj", "{7D410D47-0FAC-4C84-8EAC-876963869426}"
EndProject
Project("{FAE04EC0-301F-11D3-BF4B-00C04F79EFBC}") = "XmatrixTests", "XmatrixTests\XmatrixTests.csproj", "{BD10C0C0-94A5-4BD9-A120-A4787D53339D}"
EndProject
Global
	GlobalSection(SolutionConfigurationPlatforms) = preSolution
		Debug|Any CPU = Debug|Any CPU
		Release|Any CPU = Release|Any CPU
	EndGlobalSection
	GlobalSection(ProjectConfigurationPlatforms) = postSolution
		{7D410D47-0FAC-4C84-8EAC-876963869426}.Debug|Any CPU.ActiveCfg = Debug|Any CPU
		{7D410D47-0FAC-4C84-8EAC-876963869426}.Debug|Any CPU.Build.0 = Debug|Any CPU
		{7D410D47-0FAC-4C84-8EAC-876963869426}.Release|Any CPU.ActiveCfg = Release|Any CPU
		{7D410D47-0FAC-4C84-8EAC-876963869426}.Release|Any CPU.Build.0 = Release|Any CPU
		{BD10C0C0-94A5-4BD9-A120-A4787D53339D}.Debug|Any CPU.ActiveCfg = Debug|Any CPU
		{BD10C0C0-94A5-4BD9-A120-A4787D53339D}.Debug|Any CPU.Build.0 = Debug|Any CPU
		{BD10C0C0-94A5-4BD9-A120-A4787D53339D}.Release|Any CPU.ActiveCfg = Release|Any CPU
		{BD10C0C0-94A5-4BD9-A120-A4787D53339D}.Release|Any CPU.Build.0 = Release|Any CPU
	EndGlobalSection
	GlobalSection(SolutionProperties) = preSolution
		HideSolutionNode = FALSE
	EndGlobalSection
	GlobalSection(ExtensibilityGlobals) = postSolution
		SolutionGuid = {4F788CD0-5603-4BD2-A574-0BAC6674EEF4}
	EndGlobalSection
EndGlobal
